// !$*UTF8*$!
{
	archiveVersion = 1;
	classes = {
	};
	objectVersion = 56;
	objects = {

/* Begin PBXBuildFile section */
		1754991029D9BC830066F6F7 /* AppDelegate.swift in Sources */ = {isa = PBXBuildFile; fileRef = 1754990F29D9BC830066F6F7 /* AppDelegate.swift */; };
		1754991229D9BC830066F6F7 /* SceneDelegate.swift in Sources */ = {isa = PBXBuildFile; fileRef = 1754991129D9BC830066F6F7 /* SceneDelegate.swift */; };
		1754991429D9BC830066F6F7 /* HomeViewController.swift in Sources */ = {isa = PBXBuildFile; fileRef = 1754991329D9BC830066F6F7 /* HomeViewController.swift */; };
		1754991729D9BC830066F6F7 /* Main.storyboard in Resources */ = {isa = PBXBuildFile; fileRef = 1754991529D9BC830066F6F7 /* Main.storyboard */; };
		1754991929D9BC850066F6F7 /* Assets.xcassets in Resources */ = {isa = PBXBuildFile; fileRef = 1754991829D9BC850066F6F7 /* Assets.xcassets */; };
		1754991C29D9BC850066F6F7 /* LaunchScreen.storyboard in Resources */ = {isa = PBXBuildFile; fileRef = 1754991A29D9BC850066F6F7 /* LaunchScreen.storyboard */; };
		1754992829D9BE720066F6F7 /* car_list.json in Resources */ = {isa = PBXBuildFile; fileRef = 1754992729D9BE720066F6F7 /* car_list.json */; };
		1754992A29D9BEE90066F6F7 /* APIHelper.swift in Sources */ = {isa = PBXBuildFile; fileRef = 1754992929D9BEE90066F6F7 /* APIHelper.swift */; };
		1754992C29D9BF960066F6F7 /* CarModel.swift in Sources */ = {isa = PBXBuildFile; fileRef = 1754992B29D9BF960066F6F7 /* CarModel.swift */; };
		1754992E29D9C0960066F6F7 /* HomeViewModel.swift in Sources */ = {isa = PBXBuildFile; fileRef = 1754992D29D9C0960066F6F7 /* HomeViewModel.swift */; };
		5359A9DD29DA33C900ED68B3 /* Theme.swift in Sources */ = {isa = PBXBuildFile; fileRef = 5359A9DC29DA33C900ED68B3 /* Theme.swift */; };
		53B0617029D9F46A00785909 /* CarPromotionModel.swift in Sources */ = {isa = PBXBuildFile; fileRef = 53B0616F29D9F46A00785909 /* CarPromotionModel.swift */; };
		53B0617429D9F67500785909 /* PromotionTableViewCell.swift in Sources */ = {isa = PBXBuildFile; fileRef = 53B0617229D9F67500785909 /* PromotionTableViewCell.swift */; };
		53B0617529D9F67500785909 /* PromotionTableViewCell.xib in Resources */ = {isa = PBXBuildFile; fileRef = 53B0617329D9F67500785909 /* PromotionTableViewCell.xib */; };
		53B0617A29D9F7A000785909 /* CarTableViewCell.swift in Sources */ = {isa = PBXBuildFile; fileRef = 53B0617829D9F7A000785909 /* CarTableViewCell.swift */; };
		53B0617B29D9F7A000785909 /* CarTableViewCell.xib in Resources */ = {isa = PBXBuildFile; fileRef = 53B0617929D9F7A000785909 /* CarTableViewCell.xib */; };
/* End PBXBuildFile section */

/* Begin PBXFileReference section */
		1754990C29D9BC830066F6F7 /* GuidomiaTask.app */ = {isa = PBXFileReference; explicitFileType = wrapper.application; includeInIndex = 0; path = GuidomiaTask.app; sourceTree = BUILT_PRODUCTS_DIR; };
		1754990F29D9BC830066F6F7 /* AppDelegate.swift */ = {isa = PBXFileReference; lastKnownFileType = sourcecode.swift; path = AppDelegate.swift; sourceTree = "<group>"; };
		1754991129D9BC830066F6F7 /* SceneDelegate.swift */ = {isa = PBXFileReference; lastKnownFileType = sourcecode.swift; path = SceneDelegate.swift; sourceTree = "<group>"; };
		1754991329D9BC830066F6F7 /* HomeViewController.swift */ = {isa = PBXFileReference; lastKnownFileType = sourcecode.swift; path = HomeViewController.swift; sourceTree = "<group>"; };
		1754991629D9BC830066F6F7 /* Base */ = {isa = PBXFileReference; lastKnownFileType = file.storyboard; name = Base; path = Base.lproj/Main.storyboard; sourceTree = "<group>"; };
		1754991829D9BC850066F6F7 /* Assets.xcassets */ = {isa = PBXFileReference; lastKnownFileType = folder.assetcatalog; path = Assets.xcassets; sourceTree = "<group>"; };
		1754991B29D9BC850066F6F7 /* Base */ = {isa = PBXFileReference; lastKnownFileType = file.storyboard; name = Base; path = Base.lproj/LaunchScreen.storyboard; sourceTree = "<group>"; };
		1754991D29D9BC850066F6F7 /* Info.plist */ = {isa = PBXFileReference; lastKnownFileType = text.plist.xml; path = Info.plist; sourceTree = "<group>"; };
		1754992729D9BE720066F6F7 /* car_list.json */ = {isa = PBXFileReference; fileEncoding = 4; lastKnownFileType = text.json; path = car_list.json; sourceTree = "<group>"; };
		1754992929D9BEE90066F6F7 /* APIHelper.swift */ = {isa = PBXFileReference; lastKnownFileType = sourcecode.swift; path = APIHelper.swift; sourceTree = "<group>"; };
		1754992B29D9BF960066F6F7 /* CarModel.swift */ = {isa = PBXFileReference; lastKnownFileType = sourcecode.swift; path = CarModel.swift; sourceTree = "<group>"; };
		1754992D29D9C0960066F6F7 /* HomeViewModel.swift */ = {isa = PBXFileReference; lastKnownFileType = sourcecode.swift; path = HomeViewModel.swift; sourceTree = "<group>"; };
		5359A9DC29DA33C900ED68B3 /* Theme.swift */ = {isa = PBXFileReference; lastKnownFileType = sourcecode.swift; path = Theme.swift; sourceTree = "<group>"; };
		53B0616F29D9F46A00785909 /* CarPromotionModel.swift */ = {isa = PBXFileReference; lastKnownFileType = sourcecode.swift; path = CarPromotionModel.swift; sourceTree = "<group>"; };
		53B0617229D9F67500785909 /* PromotionTableViewCell.swift */ = {isa = PBXFileReference; lastKnownFileType = sourcecode.swift; path = PromotionTableViewCell.swift; sourceTree = "<group>"; };
		53B0617329D9F67500785909 /* PromotionTableViewCell.xib */ = {isa = PBXFileReference; lastKnownFileType = file.xib; path = PromotionTableViewCell.xib; sourceTree = "<group>"; };
		53B0617829D9F7A000785909 /* CarTableViewCell.swift */ = {isa = PBXFileReference; lastKnownFileType = sourcecode.swift; path = CarTableViewCell.swift; sourceTree = "<group>"; };
		53B0617929D9F7A000785909 /* CarTableViewCell.xib */ = {isa = PBXFileReference; lastKnownFileType = file.xib; path = CarTableViewCell.xib; sourceTree = "<group>"; };
/* End PBXFileReference section */

/* Begin PBXFrameworksBuildPhase section */
		1754990929D9BC830066F6F7 /* Frameworks */ = {
			isa = PBXFrameworksBuildPhase;
			buildActionMask = 2147483647;
			files = (
			);
			runOnlyForDeploymentPostprocessing = 0;
		};
/* End PBXFrameworksBuildPhase section */

/* Begin PBXGroup section */
		1754990329D9BC830066F6F7 = {
			isa = PBXGroup;
			children = (
				1754990E29D9BC830066F6F7 /* GuidomiaTask */,
				1754990D29D9BC830066F6F7 /* Products */,
			);
			sourceTree = "<group>";
		};
		1754990D29D9BC830066F6F7 /* Products */ = {
			isa = PBXGroup;
			children = (
				1754990C29D9BC830066F6F7 /* GuidomiaTask.app */,
			);
			name = Products;
			sourceTree = "<group>";
		};
		1754990E29D9BC830066F6F7 /* GuidomiaTask */ = {
			isa = PBXGroup;
			children = (
				1754990F29D9BC830066F6F7 /* AppDelegate.swift */,
				1754991129D9BC830066F6F7 /* SceneDelegate.swift */,
				1754992629D9BD9E0066F6F7 /* Home */,
				1754992329D9BD520066F6F7 /* Utility */,
				1754991529D9BC830066F6F7 /* Main.storyboard */,
				1754991A29D9BC850066F6F7 /* LaunchScreen.storyboard */,
				1754991829D9BC850066F6F7 /* Assets.xcassets */,
				1754991D29D9BC850066F6F7 /* Info.plist */,
			);
			path = GuidomiaTask;
			sourceTree = "<group>";
		};
		1754992329D9BD520066F6F7 /* Utility */ = {
			isa = PBXGroup;
			children = (
				1754992529D9BD780066F6F7 /* Helpers */,
				1754992429D9BD640066F6F7 /* Modules */,
				5359A9DE29DA33E400ED68B3 /* Theme */,
			);
			path = Utility;
			sourceTree = "<group>";
		};
		1754992429D9BD640066F6F7 /* Modules */ = {
			isa = PBXGroup;
			children = (
				1754992B29D9BF960066F6F7 /* CarModel.swift */,
				53B0616F29D9F46A00785909 /* CarPromotionModel.swift */,
			);
			path = Modules;
			sourceTree = "<group>";
		};
		1754992529D9BD780066F6F7 /* Helpers */ = {
			isa = PBXGroup;
			children = (
				1754992929D9BEE90066F6F7 /* APIHelper.swift */,
				1754992729D9BE720066F6F7 /* car_list.json */,
			);
			path = Helpers;
			sourceTree = "<group>";
		};
		1754992629D9BD9E0066F6F7 /* Home */ = {
			isa = PBXGroup;
			children = (
				53B0617129D9F65400785909 /* Cell */,
				1754991329D9BC830066F6F7 /* HomeViewController.swift */,
				1754992D29D9C0960066F6F7 /* HomeViewModel.swift */,
			);
			path = Home;
			sourceTree = "<group>";
		};
		5359A9DE29DA33E400ED68B3 /* Theme */ = {
			isa = PBXGroup;
			children = (
				5359A9DC29DA33C900ED68B3 /* Theme.swift */,
			);
			path = Theme;
			sourceTree = "<group>";
		};
		53B0617129D9F65400785909 /* Cell */ = {
			isa = PBXGroup;
			children = (
				53B0617229D9F67500785909 /* PromotionTableViewCell.swift */,
				53B0617329D9F67500785909 /* PromotionTableViewCell.xib */,
				53B0617829D9F7A000785909 /* CarTableViewCell.swift */,
				53B0617929D9F7A000785909 /* CarTableViewCell.xib */,
			);
			path = Cell;
			sourceTree = "<group>";
		};
/* End PBXGroup section */

/* Begin PBXNativeTarget section */
		1754990B29D9BC830066F6F7 /* GuidomiaTask */ = {
			isa = PBXNativeTarget;
			buildConfigurationList = 1754992029D9BC850066F6F7 /* Build configuration list for PBXNativeTarget "GuidomiaTask" */;
			buildPhases = (
				1754990829D9BC830066F6F7 /* Sources */,
				1754990929D9BC830066F6F7 /* Frameworks */,
				1754990A29D9BC830066F6F7 /* Resources */,
			);
			buildRules = (
			);
			dependencies = (
			);
			name = GuidomiaTask;
			productName = GuidomiaTask;
			productReference = 1754990C29D9BC830066F6F7 /* GuidomiaTask.app */;
			productType = "com.apple.product-type.application";
		};
/* End PBXNativeTarget section */

/* Begin PBXProject section */
		1754990429D9BC830066F6F7 /* Project object */ = {
			isa = PBXProject;
			attributes = {
				BuildIndependentTargetsInParallel = 1;
				LastSwiftUpdateCheck = 1420;
				LastUpgradeCheck = 1420;
				TargetAttributes = {
					1754990B29D9BC830066F6F7 = {
						CreatedOnToolsVersion = 14.2;
					};
				};
			};
			buildConfigurationList = 1754990729D9BC830066F6F7 /* Build configuration list for PBXProject "GuidomiaTask" */;
			compatibilityVersion = "Xcode 14.0";
			developmentRegion = en;
			hasScannedForEncodings = 0;
			knownRegions = (
				en,
				Base,
			);
			mainGroup = 1754990329D9BC830066F6F7;
			productRefGroup = 1754990D29D9BC830066F6F7 /* Products */;
			projectDirPath = "";
			projectRoot = "";
			targets = (
				1754990B29D9BC830066F6F7 /* GuidomiaTask */,
			);
		};
/* End PBXProject section */

/* Begin PBXResourcesBuildPhase section */
		1754990A29D9BC830066F6F7 /* Resources */ = {
			isa = PBXResourcesBuildPhase;
			buildActionMask = 2147483647;
			files = (
				53B0617B29D9F7A000785909 /* CarTableViewCell.xib in Resources */,
				53B0617529D9F67500785909 /* PromotionTableViewCell.xib in Resources */,
				1754991C29D9BC850066F6F7 /* LaunchScreen.storyboard in Resources */,
				1754991929D9BC850066F6F7 /* Assets.xcassets in Resources */,
				1754992829D9BE720066F6F7 /* car_list.json in Resources */,
				1754991729D9BC830066F6F7 /* Main.storyboard in Resources */,
			);
			runOnlyForDeploymentPostprocessing = 0;
		};
/* End PBXResourcesBuildPhase section */

/* Begin PBXSourcesBuildPhase section */
		1754990829D9BC830066F6F7 /* Sources */ = {
			isa = PBXSourcesBuildPhase;
			buildActionMask = 2147483647;
			files = (
				53B0617029D9F46A00785909 /* CarPromotionModel.swift in Sources */,
				53B0617429D9F67500785909 /* PromotionTableViewCell.swift in Sources */,
				1754992A29D9BEE90066F6F7 /* APIHelper.swift in Sources */,
				5359A9DD29DA33C900ED68B3 /* Theme.swift in Sources */,
				1754992E29D9C0960066F6F7 /* HomeViewModel.swift in Sources */,
				1754992C29D9BF960066F6F7 /* CarModel.swift in Sources */,
				53B0617A29D9F7A000785909 /* CarTableViewCell.swift in Sources */,
				1754991429D9BC830066F6F7 /* HomeViewController.swift in Sources */,
				1754991029D9BC830066F6F7 /* AppDelegate.swift in Sources */,
				1754991229D9BC830066F6F7 /* SceneDelegate.swift in Sources */,
			);
			runOnlyForDeploymentPostprocessing = 0;
		};
/* End PBXSourcesBuildPhase section */

/* Begin PBXVariantGroup section */
		1754991529D9BC830066F6F7 /* Main.storyboard */ = {
			isa = PBXVariantGroup;
			children = (
				1754991629D9BC830066F6F7 /* Base */,
			);
			name = Main.storyboard;
			sourceTree = "<group>";
		};
		1754991A29D9BC850066F6F7 /* LaunchScreen.storyboard */ = {
			isa = PBXVariantGroup;
			children = (
				1754991B29D9BC850066F6F7 /* Base */,
			);
			name = LaunchScreen.storyboard;
			sourceTree = "<group>";
		};
/* End PBXVariantGroup section */

/* Begin XCBuildConfiguration section */
		1754991E29D9BC850066F6F7 /* Debug */ = {
			isa = XCBuildConfiguration;
			buildSettings = {
				ALWAYS_SEARCH_USER_PATHS = NO;
				CLANG_ANALYZER_NONNULL = YES;
				CLANG_ANALYZER_NUMBER_OBJECT_CONVERSION = YES_AGGRESSIVE;
				CLANG_CXX_LANGUAGE_STANDARD = "gnu++20";
				CLANG_ENABLE_MODULES = YES;
				CLANG_ENABLE_OBJC_ARC = YES;
				CLANG_ENABLE_OBJC_WEAK = YES;
				CLANG_WARN_BLOCK_CAPTURE_AUTORELEASING = YES;
				CLANG_WARN_BOOL_CONVERSION = YES;
				CLANG_WARN_COMMA = YES;
				CLANG_WARN_CONSTANT_CONVERSION = YES;
				CLANG_WARN_DEPRECATED_OBJC_IMPLEMENTATIONS = YES;
				CLANG_WARN_DIRECT_OBJC_ISA_USAGE = YES_ERROR;
				CLANG_WARN_DOCUMENTATION_COMMENTS = YES;
				CLANG_WARN_EMPTY_BODY = YES;
				CLANG_WARN_ENUM_CONVERSION = YES;
				CLANG_WARN_INFINITE_RECURSION = YES;
				CLANG_WARN_INT_CONVERSION = YES;
				CLANG_WARN_NON_LITERAL_NULL_CONVERSION = YES;
				CLANG_WARN_OBJC_IMPLICIT_RETAIN_SELF = YES;
				CLANG_WARN_OBJC_LITERAL_CONVERSION = YES;
				CLANG_WARN_OBJC_ROOT_CLASS = YES_ERROR;
				CLANG_WARN_QUOTED_INCLUDE_IN_FRAMEWORK_HEADER = YES;
				CLANG_WARN_RANGE_LOOP_ANALYSIS = YES;
				CLANG_WARN_STRICT_PROTOTYPES = YES;
				CLANG_WARN_SUSPICIOUS_MOVE = YES;
				CLANG_WARN_UNGUARDED_AVAILABILITY = YES_AGGRESSIVE;
				CLANG_WARN_UNREACHABLE_CODE = YES;
				CLANG_WARN__DUPLICATE_METHOD_MATCH = YES;
				COPY_PHASE_STRIP = NO;
				DEBUG_INFORMATION_FORMAT = dwarf;
				ENABLE_STRICT_OBJC_MSGSEND = YES;
				ENABLE_TESTABILITY = YES;
				GCC_C_LANGUAGE_STANDARD = gnu11;
				GCC_DYNAMIC_NO_PIC = NO;
				GCC_NO_COMMON_BLOCKS = YES;
				GCC_OPTIMIZATION_LEVEL = 0;
				GCC_PREPROCESSOR_DEFINITIONS = (
					"DEBUG=1",
					"$(inherited)",
				);
				GCC_WARN_64_TO_32_BIT_CONVERSION = YES;
				GCC_WARN_ABOUT_RETURN_TYPE = YES_ERROR;
				GCC_WARN_UNDECLARED_SELECTOR = YES;
				GCC_WARN_UNINITIALIZED_AUTOS = YES_AGGRESSIVE;
				GCC_WARN_UNUSED_FUNCTION = YES;
				GCC_WARN_UNUSED_VARIABLE = YES;
				IPHONEOS_DEPLOYMENT_TARGET = 16.2;
				MTL_ENABLE_DEBUG_INFO = INCLUDE_SOURCE;
				MTL_FAST_MATH = YES;
				ONLY_ACTIVE_ARCH = YES;
				SDKROOT = iphoneos;
				SWIFT_ACTIVE_COMPILATION_CONDITIONS = DEBUG;
				SWIFT_OPTIMIZATION_LEVEL = "-Onone";
			};
			name = Debug;
		};
		1754991F29D9BC850066F6F7 /* Release */ = {
			isa = XCBuildConfiguration;
			buildSettings = {
				ALWAYS_SEARCH_USER_PATHS = NO;
				CLANG_ANALYZER_NONNULL = YES;
				CLANG_ANALYZER_NUMBER_OBJECT_CONVERSION = YES_AGGRESSIVE;
				CLANG_CXX_LANGUAGE_STANDARD = "gnu++20";
				CLANG_ENABLE_MODULES = YES;
				CLANG_ENABLE_OBJC_ARC = YES;
				CLANG_ENABLE_OBJC_WEAK = YES;
				CLANG_WARN_BLOCK_CAPTURE_AUTORELEASING = YES;
				CLANG_WARN_BOOL_CONVERSION = YES;
				CLANG_WARN_COMMA = YES;
				CLANG_WARN_CONSTANT_CONVERSION = YES;
				CLANG_WARN_DEPRECATED_OBJC_IMPLEMENTATIONS = YES;
				CLANG_WARN_DIRECT_OBJC_ISA_USAGE = YES_ERROR;
				CLANG_WARN_DOCUMENTATION_COMMENTS = YES;
				CLANG_WARN_EMPTY_BODY = YES;
				CLANG_WARN_ENUM_CONVERSION = YES;
				CLANG_WARN_INFINITE_RECURSION = YES;
				CLANG_WARN_INT_CONVERSION = YES;
				CLANG_WARN_NON_LITERAL_NULL_CONVERSION = YES;
				CLANG_WARN_OBJC_IMPLICIT_RETAIN_SELF = YES;
				CLANG_WARN_OBJC_LITERAL_CONVERSION = YES;
				CLANG_WARN_OBJC_ROOT_CLASS = YES_ERROR;
				CLANG_WARN_QUOTED_INCLUDE_IN_FRAMEWORK_HEADER = YES;
				CLANG_WARN_RANGE_LOOP_ANALYSIS = YES;
				CLANG_WARN_STRICT_PROTOTYPES = YES;
				CLANG_WARN_SUSPICIOUS_MOVE = YES;
				CLANG_WARN_UNGUARDED_AVAILABILITY = YES_AGGRESSIVE;
				CLANG_WARN_UNREACHABLE_CODE = YES;
				CLANG_WARN__DUPLICATE_METHOD_MATCH = YES;
				COPY_PHASE_STRIP = NO;
				DEBUG_INFORMATION_FORMAT = "dwarf-with-dsym";
				ENABLE_NS_ASSERTIONS = NO;
				ENABLE_STRICT_OBJC_MSGSEND = YES;
				GCC_C_LANGUAGE_STANDARD = gnu11;
				GCC_NO_COMMON_BLOCKS = YES;
				GCC_WARN_64_TO_32_BIT_CONVERSION = YES;
				GCC_WARN_ABOUT_RETURN_TYPE = YES_ERROR;
				GCC_WARN_UNDECLARED_SELECTOR = YES;
				GCC_WARN_UNINITIALIZED_AUTOS = YES_AGGRESSIVE;
				GCC_WARN_UNUSED_FUNCTION = YES;
				GCC_WARN_UNUSED_VARIABLE = YES;
				IPHONEOS_DEPLOYMENT_TARGET = 16.2;
				MTL_ENABLE_DEBUG_INFO = NO;
				MTL_FAST_MATH = YES;
				SDKROOT = iphoneos;
				SWIFT_COMPILATION_MODE = wholemodule;
				SWIFT_OPTIMIZATION_LEVEL = "-O";
				VALIDATE_PRODUCT = YES;
			};
			name = Release;
		};
		1754992129D9BC850066F6F7 /* Debug */ = {
			isa = XCBuildConfiguration;
			buildSettings = {
				ASSETCATALOG_COMPILER_APPICON_NAME = AppIcon;
				ASSETCATALOG_COMPILER_GLOBAL_ACCENT_COLOR_NAME = AccentColor;
				CODE_SIGN_STYLE = Automatic;
				CURRENT_PROJECT_VERSION = 1;
				DEVELOPMENT_TEAM = 67572D5SF6;
				GENERATE_INFOPLIST_FILE = YES;
				INFOPLIST_FILE = GuidomiaTask/Info.plist;
				INFOPLIST_KEY_UIApplicationSupportsIndirectInputEvents = YES;
				INFOPLIST_KEY_UILaunchStoryboardName = LaunchScreen;
				INFOPLIST_KEY_UIMainStoryboardFile = Main;
				INFOPLIST_KEY_UISupportedInterfaceOrientations_iPad = "UIInterfaceOrientationPortrait UIInterfaceOrientationPortraitUpsideDown UIInterfaceOrientationLandscapeLeft UIInterfaceOrientationLandscapeRight";
				INFOPLIST_KEY_UISupportedInterfaceOrientations_iPhone = "UIInterfaceOrientationPortrait UIInterfaceOrientationLandscapeLeft UIInterfaceOrientationLandscapeRight";
				LD_RUNPATH_SEARCH_PATHS = (
					"$(inherited)",
					"@executable_path/Frameworks",
				);
				MARKETING_VERSION = 1.0;
				PRODUCT_BUNDLE_IDENTIFIER = com.incredible.GuidomiaTask;
				PRODUCT_NAME = "$(TARGET_NAME)";
				SWIFT_EMIT_LOC_STRINGS = YES;
				SWIFT_VERSION = 5.0;
				TARGETED_DEVICE_FAMILY = "1,2";
			};
			name = Debug;
		};
		1754992229D9BC850066F6F7 /* Release */ = {
			isa = XCBuildConfiguration;
			buildSettings = {
				ASSETCATALOG_COMPILER_APPICON_NAME = AppIcon;
				ASSETCATALOG_COMPILER_GLOBAL_ACCENT_COLOR_NAME = AccentColor;
				CODE_SIGN_STYLE = Automatic;
				CURRENT_PROJECT_VERSION = 1;
				DEVELOPMENT_TEAM = 67572D5SF6;
				GENERATE_INFOPLIST_FILE = YES;
				INFOPLIST_FILE = GuidomiaTask/Info.plist;
				INFOPLIST_KEY_UIApplicationSupportsIndirectInputEvents = YES;
				INFOPLIST_KEY_UILaunchStoryboardName = LaunchScreen;
				INFOPLIST_KEY_UIMainStoryboardFile = Main;
				INFOPLIST_KEY_UISupportedInterfaceOrientations_iPad = "UIInterfaceOrientationPortrait UIInterfaceOrientationPortraitUpsideDown UIInterfaceOrientationLandscapeLeft UIInterfaceOrientationLandscapeRight";
				INFOPLIST_KEY_UISupportedInterfaceOrientations_iPhone = "UIInterfaceOrientationPortrait UIInterfaceOrientationLandscapeLeft UIInterfaceOrientationLandscapeRight";
				LD_RUNPATH_SEARCH_PATHS = (
					"$(inherited)",
					"@executable_path/Frameworks",
				);
				MARKETING_VERSION = 1.0;
				PRODUCT_BUNDLE_IDENTIFIER = com.incredible.GuidomiaTask;
				PRODUCT_NAME = "$(TARGET_NAME)";
				SWIFT_EMIT_LOC_STRINGS = YES;
				SWIFT_VERSION = 5.0;
				TARGETED_DEVICE_FAMILY = "1,2";
			};
			name = Release;
		};
/* End XCBuildConfiguration section */

/* Begin XCConfigurationList section */
		1754990729D9BC830066F6F7 /* Build configuration list for PBXProject "GuidomiaTask" */ = {
			isa = XCConfigurationList;
			buildConfigurations = (
				1754991E29D9BC850066F6F7 /* Debug */,
				1754991F29D9BC850066F6F7 /* Release */,
			);
			defaultConfigurationIsVisible = 0;
			defaultConfigurationName = Release;
		};
		1754992029D9BC850066F6F7 /* Build configuration list for PBXNativeTarget "GuidomiaTask" */ = {
			isa = XCConfigurationList;
			buildConfigurations = (
				1754992129D9BC850066F6F7 /* Debug */,
				1754992229D9BC850066F6F7 /* Release */,
			);
			defaultConfigurationIsVisible = 0;
			defaultConfigurationName = Release;
		};
/* End XCConfigurationList section */
	};
	rootObject = 1754990429D9BC830066F6F7 /* Project object */;
}
